github.com/schnerring/hugo-mod-github-readme-stats v0.0.0-20211203215447-e9269bf41c2d h1:j38Knl7FT+GuaIN6qvL9Sw33FqNuUdqCpJBy+HTbtRM=
github.com/schnerring/hugo-mod-github-readme-stats v0.0.0-20211203215447-e9269bf41c2d/go.mod h1:UFUlab+9vQRmtTw2vE8tPRitMp3lYLUYUcfD9QwP/oE=
github.com/schnerring/hugo-mod-json-resume v0.0.0-20220103225122-8db2171ee838 h1:hMA2WJ2C6iKP9Al17FgUmaCTcPdXYHDlSJsdfMlH5X0=
github.com/schnerring/hugo-mod-json-resume v0.0.0-20220103225122-8db2171ee838/go.mod h1:8XG8axdWciaWCd44mdQQLWGvoijmUurVOeyI4sD2hOw=
github.com/schnerring/hugo-theme-gruvbox v0.0.0-20220109181450-cd4883de31ca h1:cdoVEdquRyAVp3Mi67ia/P011jVZhmwdhRrrLF815Jg=
github.com/schnerring/hugo-theme-gruvbox v0.0.0-20220109181450-cd4883de31ca/go.mod h1:3RJA4pNDRRl5qVrIH45hvUE62/i6AUgpClFNhm6OLiQ=
